
Microsoft Visual Studio Solution File, Format Version 12.00
# Visual Studio Version 17
VisualStudioVersion = 17.4.33213.308
MinimumVisualStudioVersion = 10.0.40219.1
Project("{FAE04EC0-301F-11D3-BF4B-00C04F79EFBC}") = "Task5", "Task5\Task5.csproj", "{8C9F62D6-2EE0-4043-97E8-05B620DD67FD}"
EndProject
Global
	GlobalSection(SolutionConfigurationPlatforms) = preSolution
		Debug|Any CPU = Debug|Any CPU
		Release|Any CPU = Release|Any CPU
	EndGlobalSection
	GlobalSection(ProjectConfigurationPlatforms) = postSolution
		{8C9F62D6-2EE0-4043-97E8-05B620DD67FD}.Debug|Any CPU.ActiveCfg = Debug|Any CPU
		{8C9F62D6-2EE0-4043-97E8-05B620DD67FD}.Debug|Any CPU.Build.0 = Debug|Any CPU
		{8C9F62D6-2EE0-4043-97E8-05B620DD67FD}.Release|Any CPU.ActiveCfg = Release|Any CPU
		{8C9F62D6-2EE0-4043-97E8-05B620DD67FD}.Release|Any CPU.Build.0 = Release|Any CPU
	EndGlobalSection
	GlobalSection(SolutionProperties) = preSolution
		HideSolutionNode = FALSE
	EndGlobalSection
	GlobalSection(ExtensibilityGlobals) = postSolution
		SolutionGuid = {F9F9665A-BAB5-4A63-8C43-476DC1B1ABAC}
	EndGlobalSection
EndGlobal
